<?xml version="1.0" encoding="utf-8"?>
<Project ToolsVersion="4.0" xmlns="http://schemas.microsoft.com/developer/msbuild/2003">
  <ItemGroup>
    <ClCompile Include="main.cpp" />
    <ClCompile Include="Classes\Exception.cpp">
      <Filter>Classes</Filter>
    </ClCompile>
    <ClCompile Include="Classes\PatternSolver.cpp">
      <Filter>Classes</Filter>
    </ClCompile>
    <ClCompile Include="Structures\Point.cpp">
      <Filter>Structures</Filter>
    </ClCompile>
    <ClCompile Include="Structures\Slot.cpp">
      <Filter>Structures</Filter>
    </ClCompile>
    <ClCompile Include="Structures\Span.cpp">
      <Filter>Structures</Filter>
    </ClCompile>
    <ClCompile Include="Classes\Menu.cpp">
      <Filter>Classes</Filter>
    </ClCompile>
    <ClCompile Include="Classes\Library.cpp">
      <Filter>Classes</Filter>
    </ClCompile>
    <ClCompile Include="Structures\Attr.cpp">
      <Filter>Structures</Filter>
    </ClCompile>
    <ClCompile Include="Structures\Grid.cpp">
      <Filter>Structures</Filter>
    </ClCompile>
    <ClCompile Include="Structures\StringSet.cpp">
      <Filter>Structures</Filter>
    </ClCompile>
    <ClCompile Include="Structures\Word.cpp">
      <Filter>Structures</Filter>
    </ClCompile>
  </ItemGroup>
  <ItemGroup>
    <None Include="ClassDiagram.cd" />
  </ItemGroup>
  <ItemGroup>
    <Filter Include="Headers">
      <UniqueIdentifier>{ce055916-4331-456e-8fce-7fb880f859e4}</UniqueIdentifier>
    </Filter>
    <Filter Include="Structures">
      <UniqueIdentifier>{59c7c165-2e1e-4d27-bb6b-00a28a097489}</UniqueIdentifier>
    </Filter>
    <Filter Include="Classes">
      <UniqueIdentifier>{30ffd00c-7651-4fb7-984e-ac6beb82231e}</UniqueIdentifier>
    </Filter>
  </ItemGroup>
  <ItemGroup>
    <ClInclude Include="Headers\DataTypes.h">
      <Filter>Headers</Filter>
    </ClInclude>
    <ClInclude Include="Headers\Libraries.h">
      <Filter>Headers</Filter>
    </ClInclude>
    <ClInclude Include="Classes\Exception.h">
      <Filter>Classes</Filter>
    </ClInclude>
    <ClInclude Include="Classes\Library.h">
      <Filter>Classes</Filter>
    </ClInclude>
    <ClInclude Include="Classes\PatternSolver.h">
      <Filter>Classes</Filter>
    </ClInclude>
    <ClInclude Include="Classes\Solver.h">
      <Filter>Classes</Filter>
    </ClInclude>
    <ClInclude Include="Structures\Attr.h">
      <Filter>Structures</Filter>
    </ClInclude>
    <ClInclude Include="Structures\Grid.h">
      <Filter>Structures</Filter>
    </ClInclude>
    <ClInclude Include="Structures\Point.h">
      <Filter>Structures</Filter>
    </ClInclude>
    <ClInclude Include="Structures\Slot.h">
      <Filter>Structures</Filter>
    </ClInclude>
    <ClInclude Include="Structures\Span.h">
      <Filter>Structures</Filter>
    </ClInclude>
    <ClInclude Include="Structures\StringSet.h">
      <Filter>Structures</Filter>
    </ClInclude>
    <ClInclude Include="Structures\Word.h">
      <Filter>Structures</Filter>
    </ClInclude>
    <ClInclude Include="Classes\Menu.h">
      <Filter>Classes</Filter>
    </ClInclude>
  </ItemGroup>
</Project>